
Microsoft Visual Studio Solution File, Format Version 11.00
# Visual Basic Express 2010
Project("{F184B08F-C81C-45F6-A57F-5ABD9991F28F}") = "WriteItDown", "WriteItDown.vbproj", "{DFCEE4E0-54FB-4F08-B392-ABF33A95A3B1}"
EndProject
Project("{F184B08F-C81C-45F6-A57F-5ABD9991F28F}") = "Help_WID", "..\..\Help_WID\Help_WID\Help_WID.vbproj", "{1836A4E9-31D1-4EC5-93B7-E694AC51B7CC}"
EndProject
Global
	GlobalSection(SolutionConfigurationPlatforms) = preSolution
		Debug|Any CPU = Debug|Any CPU
		Debug|Mixed Platforms = Debug|Mixed Platforms
		Debug|x86 = Debug|x86
		Release|Any CPU = Release|Any CPU
		Release|Mixed Platforms = Release|Mixed Platforms
		Release|x86 = Release|x86
	EndGlobalSection
	GlobalSection(ProjectConfigurationPlatforms) = postSolution
		{DFCEE4E0-54FB-4F08-B392-ABF33A95A3B1}.Debug|Any CPU.ActiveCfg = Debug|x86
		{DFCEE4E0-54FB-4F08-B392-ABF33A95A3B1}.Debug|Mixed Platforms.ActiveCfg = Debug|x86
		{DFCEE4E0-54FB-4F08-B392-ABF33A95A3B1}.Debug|Mixed Platforms.Build.0 = Debug|x86
		{DFCEE4E0-54FB-4F08-B392-ABF33A95A3B1}.Debug|x86.ActiveCfg = Debug|x86
		{DFCEE4E0-54FB-4F08-B392-ABF33A95A3B1}.Debug|x86.Build.0 = Debug|x86
		{DFCEE4E0-54FB-4F08-B392-ABF33A95A3B1}.Release|Any CPU.ActiveCfg = Release|x86
		{DFCEE4E0-54FB-4F08-B392-ABF33A95A3B1}.Release|Mixed Platforms.ActiveCfg = Release|x86
		{DFCEE4E0-54FB-4F08-B392-ABF33A95A3B1}.Release|Mixed Platforms.Build.0 = Release|x86
		{DFCEE4E0-54FB-4F08-B392-ABF33A95A3B1}.Release|x86.ActiveCfg = Release|x86
		{DFCEE4E0-54FB-4F08-B392-ABF33A95A3B1}.Release|x86.Build.0 = Release|x86
		{1836A4E9-31D1-4EC5-93B7-E694AC51B7CC}.Debug|Any CPU.ActiveCfg = Debug|x86
		{1836A4E9-31D1-4EC5-93B7-E694AC51B7CC}.Debug|Mixed Platforms.ActiveCfg = Debug|x86
		{1836A4E9-31D1-4EC5-93B7-E694AC51B7CC}.Debug|Mixed Platforms.Build.0 = Debug|x86
		{1836A4E9-31D1-4EC5-93B7-E694AC51B7CC}.Debug|x86.ActiveCfg = Debug|x86
		{1836A4E9-31D1-4EC5-93B7-E694AC51B7CC}.Debug|x86.Build.0 = Debug|x86
		{1836A4E9-31D1-4EC5-93B7-E694AC51B7CC}.Release|Any CPU.ActiveCfg = Release|x86
		{1836A4E9-31D1-4EC5-93B7-E694AC51B7CC}.Release|Mixed Platforms.ActiveCfg = Release|x86
		{1836A4E9-31D1-4EC5-93B7-E694AC51B7CC}.Release|Mixed Platforms.Build.0 = Release|x86
		{1836A4E9-31D1-4EC5-93B7-E694AC51B7CC}.Release|x86.ActiveCfg = Release|x86
		{1836A4E9-31D1-4EC5-93B7-E694AC51B7CC}.Release|x86.Build.0 = Release|x86
	EndGlobalSection
	GlobalSection(SolutionProperties) = preSolution
		HideSolutionNode = FALSE
	EndGlobalSection
EndGlobal
